
Microsoft Visual Studio Solution File, Format Version 12.00
# Visual Studio Version 17
VisualStudioVersion = 17.10.35004.147
MinimumVisualStudioVersion = 10.0.40219.1
Project("{FAE04EC0-301F-11D3-BF4B-00C04F79EFBC}") = "PISSolution.Server", "PISSolution.Server\PISSolution.Server.csproj", "{A904EC7D-E959-49C0-98BE-6561C3DE8D4C}"
EndProject
Project("{54A90642-561A-4BB1-A94E-469ADEE60C69}") = "pissolution.client", "pissolution.client\pissolution.client.esproj", "{BF8CAA4C-CEA8-427A-BFEA-BBECE727B801}"
EndProject
Global
	GlobalSection(SolutionConfigurationPlatforms) = preSolution
		Debug|Any CPU = Debug|Any CPU
		Release|Any CPU = Release|Any CPU
	EndGlobalSection
	GlobalSection(ProjectConfigurationPlatforms) = postSolution
		{A904EC7D-E959-49C0-98BE-6561C3DE8D4C}.Debug|Any CPU.ActiveCfg = Debug|Any CPU
		{A904EC7D-E959-49C0-98BE-6561C3DE8D4C}.Debug|Any CPU.Build.0 = Debug|Any CPU
		{A904EC7D-E959-49C0-98BE-6561C3DE8D4C}.Release|Any CPU.ActiveCfg = Release|Any CPU
		{A904EC7D-E959-49C0-98BE-6561C3DE8D4C}.Release|Any CPU.Build.0 = Release|Any CPU
		{BF8CAA4C-CEA8-427A-BFEA-BBECE727B801}.Debug|Any CPU.ActiveCfg = Debug|Any CPU
		{BF8CAA4C-CEA8-427A-BFEA-BBECE727B801}.Debug|Any CPU.Build.0 = Debug|Any CPU
		{BF8CAA4C-CEA8-427A-BFEA-BBECE727B801}.Debug|Any CPU.Deploy.0 = Debug|Any CPU
		{BF8CAA4C-CEA8-427A-BFEA-BBECE727B801}.Release|Any CPU.ActiveCfg = Release|Any CPU
		{BF8CAA4C-CEA8-427A-BFEA-BBECE727B801}.Release|Any CPU.Build.0 = Release|Any CPU
		{BF8CAA4C-CEA8-427A-BFEA-BBECE727B801}.Release|Any CPU.Deploy.0 = Release|Any CPU
	EndGlobalSection
	GlobalSection(SolutionProperties) = preSolution
		HideSolutionNode = FALSE
	EndGlobalSection
	GlobalSection(ExtensibilityGlobals) = postSolution
		SolutionGuid = {845652B9-1B3E-4C0E-9A78-08E4D7FCBEBF}
	EndGlobalSection
EndGlobal
